// !$*UTF8*$!
{
	archiveVersion = 1;
	classes = {
	};
	objectVersion = 50;
	objects = {

/* Begin PBXBuildFile section */
		0D474584237B266A00C12EDC /* Searching.swift in Sources */ = {isa = PBXBuildFile; fileRef = 0D474583237B266A00C12EDC /* Searching.swift */; };
		0D474589237B299200C12EDC /* Searching.swift in Sources */ = {isa = PBXBuildFile; fileRef = 0D474583237B266A00C12EDC /* Searching.swift */; };
		0D7DF690237EAE4F003C9E6E /* UnknownTest.swift in Sources */ = {isa = PBXBuildFile; fileRef = 0D7DF68F237EAE4F003C9E6E /* UnknownTest.swift */; };
		0D7DF692237EAE78003C9E6E /* searchingTest.swift in Sources */ = {isa = PBXBuildFile; fileRef = 0D7DF691237EAE78003C9E6E /* searchingTest.swift */; };
		0D7DF694237EAEC0003C9E6E /* Unknown.swift in Sources */ = {isa = PBXBuildFile; fileRef = 0D7DF693237EAEC0003C9E6E /* Unknown.swift */; };
		0D7DF695237EAEC0003C9E6E /* Unknown.swift in Sources */ = {isa = PBXBuildFile; fileRef = 0D7DF693237EAEC0003C9E6E /* Unknown.swift */; };
		C68F3C3423719C5400D14CCF /* main.swift in Sources */ = {isa = PBXBuildFile; fileRef = C68F3C3323719C5400D14CCF /* main.swift */; };
		C68F3C412371A1F700D14CCF /* standardAlgorithmsTests.swift in Sources */ = {isa = PBXBuildFile; fileRef = C68F3C402371A1F700D14CCF /* standardAlgorithmsTests.swift */; };
		C68F3C472371A2E600D14CCF /* sortingTest.swift in Sources */ = {isa = PBXBuildFile; fileRef = C68F3C462371A2E600D14CCF /* sortingTest.swift */; };
		C68F3C492371A3C100D14CCF /* Sorting.swift in Sources */ = {isa = PBXBuildFile; fileRef = C68F3C482371A3C100D14CCF /* Sorting.swift */; };
		C68F3C4A2371A3D600D14CCF /* Sorting.swift in Sources */ = {isa = PBXBuildFile; fileRef = C68F3C482371A3C100D14CCF /* Sorting.swift */; };
/* End PBXBuildFile section */

/* Begin PBXCopyFilesBuildPhase section */
		C68F3C2E23719C5400D14CCF /* CopyFiles */ = {
			isa = PBXCopyFilesBuildPhase;
			buildActionMask = 2147483647;
			dstPath = /usr/share/man/man1/;
			dstSubfolderSpec = 0;
			files = (
			);
			runOnlyForDeploymentPostprocessing = 1;
		};
/* End PBXCopyFilesBuildPhase section */

/* Begin PBXFileReference section */
		0D474583237B266A00C12EDC /* Searching.swift */ = {isa = PBXFileReference; lastKnownFileType = sourcecode.swift; path = Searching.swift; sourceTree = "<group>"; };
		0D7DF68F237EAE4F003C9E6E /* UnknownTest.swift */ = {isa = PBXFileReference; lastKnownFileType = sourcecode.swift; path = UnknownTest.swift; sourceTree = "<group>"; };
		0D7DF691237EAE78003C9E6E /* searchingTest.swift */ = {isa = PBXFileReference; lastKnownFileType = sourcecode.swift; path = searchingTest.swift; sourceTree = "<group>"; };
		0D7DF693237EAEC0003C9E6E /* Unknown.swift */ = {isa = PBXFileReference; lastKnownFileType = sourcecode.swift; path = Unknown.swift; sourceTree = "<group>"; };
		C68F3C3023719C5400D14CCF /* standardAlgorithms */ = {isa = PBXFileReference; explicitFileType = "compiled.mach-o.executable"; includeInIndex = 0; path = standardAlgorithms; sourceTree = BUILT_PRODUCTS_DIR; };
		C68F3C3323719C5400D14CCF /* main.swift */ = {isa = PBXFileReference; lastKnownFileType = sourcecode.swift; path = main.swift; sourceTree = "<group>"; };
		C68F3C3E2371A1F700D14CCF /* standardAlgorithmsTests.xctest */ = {isa = PBXFileReference; explicitFileType = wrapper.cfbundle; includeInIndex = 0; path = standardAlgorithmsTests.xctest; sourceTree = BUILT_PRODUCTS_DIR; };
		C68F3C402371A1F700D14CCF /* standardAlgorithmsTests.swift */ = {isa = PBXFileReference; lastKnownFileType = sourcecode.swift; path = standardAlgorithmsTests.swift; sourceTree = "<group>"; };
		C68F3C422371A1F700D14CCF /* Info.plist */ = {isa = PBXFileReference; lastKnownFileType = text.plist.xml; path = Info.plist; sourceTree = "<group>"; };
		C68F3C462371A2E600D14CCF /* sortingTest.swift */ = {isa = PBXFileReference; lastKnownFileType = sourcecode.swift; path = sortingTest.swift; sourceTree = "<group>"; };
		C68F3C482371A3C100D14CCF /* Sorting.swift */ = {isa = PBXFileReference; lastKnownFileType = sourcecode.swift; path = Sorting.swift; sourceTree = "<group>"; };
/* End PBXFileReference section */

/* Begin PBXFrameworksBuildPhase section */
		C68F3C2D23719C5400D14CCF /* Frameworks */ = {
			isa = PBXFrameworksBuildPhase;
			buildActionMask = 2147483647;
			files = (
			);
			runOnlyForDeploymentPostprocessing = 0;
		};
		C68F3C3B2371A1F700D14CCF /* Frameworks */ = {
			isa = PBXFrameworksBuildPhase;
			buildActionMask = 2147483647;
			files = (
			);
			runOnlyForDeploymentPostprocessing = 0;
		};
/* End PBXFrameworksBuildPhase section */

/* Begin PBXGroup section */
		C68F3C2723719C5400D14CCF = {
			isa = PBXGroup;
			children = (
				C68F3C3223719C5400D14CCF /* standardAlgorithms */,
				C68F3C3F2371A1F700D14CCF /* standardAlgorithmsTests */,
				C68F3C3123719C5400D14CCF /* Products */,
			);
			sourceTree = "<group>";
		};
		C68F3C3123719C5400D14CCF /* Products */ = {
			isa = PBXGroup;
			children = (
				C68F3C3023719C5400D14CCF /* standardAlgorithms */,
				C68F3C3E2371A1F700D14CCF /* standardAlgorithmsTests.xctest */,
			);
			name = Products;
			sourceTree = "<group>";
		};
		C68F3C3223719C5400D14CCF /* standardAlgorithms */ = {
			isa = PBXGroup;
			children = (
				C68F3C3323719C5400D14CCF /* main.swift */,
				C68F3C482371A3C100D14CCF /* Sorting.swift */,
				0D474583237B266A00C12EDC /* Searching.swift */,
				0D7DF693237EAEC0003C9E6E /* Unknown.swift */,
			);
			path = standardAlgorithms;
			sourceTree = "<group>";
		};
		C68F3C3F2371A1F700D14CCF /* standardAlgorithmsTests */ = {
			isa = PBXGroup;
			children = (
				C68F3C422371A1F700D14CCF /* Info.plist */,
				C68F3C402371A1F700D14CCF /* standardAlgorithmsTests.swift */,
				C68F3C462371A2E600D14CCF /* sortingTest.swift */,
				0D7DF691237EAE78003C9E6E /* searchingTest.swift */,
				0D7DF68F237EAE4F003C9E6E /* UnknownTest.swift */,
			);
			path = standardAlgorithmsTests;
			sourceTree = "<group>";
		};
/* End PBXGroup section */

/* Begin PBXNativeTarget section */
		C68F3C2F23719C5400D14CCF /* standardAlgorithms */ = {
			isa = PBXNativeTarget;
			buildConfigurationList = C68F3C3723719C5400D14CCF /* Build configuration list for PBXNativeTarget "standardAlgorithms" */;
			buildPhases = (
				C68F3C2C23719C5400D14CCF /* Sources */,
				C68F3C2D23719C5400D14CCF /* Frameworks */,
				C68F3C2E23719C5400D14CCF /* CopyFiles */,
			);
			buildRules = (
			);
			dependencies = (
			);
			name = standardAlgorithms;
			productName = standardAlgorithms;
			productReference = C68F3C3023719C5400D14CCF /* standardAlgorithms */;
			productType = "com.apple.product-type.tool";
		};
		C68F3C3D2371A1F700D14CCF /* standardAlgorithmsTests */ = {
			isa = PBXNativeTarget;
			buildConfigurationList = C68F3C432371A1F700D14CCF /* Build configuration list for PBXNativeTarget "standardAlgorithmsTests" */;
			buildPhases = (
				C68F3C3A2371A1F700D14CCF /* Sources */,
				C68F3C3B2371A1F700D14CCF /* Frameworks */,
				C68F3C3C2371A1F700D14CCF /* Resources */,
			);
			buildRules = (
			);
			dependencies = (
			);
			name = standardAlgorithmsTests;
			productName = standardAlgorithmsTests;
			productReference = C68F3C3E2371A1F700D14CCF /* standardAlgorithmsTests.xctest */;
			productType = "com.apple.product-type.bundle.unit-test";
		};
/* End PBXNativeTarget section */

/* Begin PBXProject section */
		C68F3C2823719C5400D14CCF /* Project object */ = {
			isa = PBXProject;
			attributes = {
				LastSwiftUpdateCheck = 1120;
				LastUpgradeCheck = 1120;
				ORGANIZATIONNAME = "Andrew, James (NA)";
				TargetAttributes = {
					C68F3C2F23719C5400D14CCF = {
						CreatedOnToolsVersion = 11.2;
					};
					C68F3C3D2371A1F700D14CCF = {
						CreatedOnToolsVersion = 11.2;
						LastSwiftMigration = 1120;
					};
				};
			};
			buildConfigurationList = C68F3C2B23719C5400D14CCF /* Build configuration list for PBXProject "standardAlgorithms" */;
			compatibilityVersion = "Xcode 9.3";
			developmentRegion = en;
			hasScannedForEncodings = 0;
			knownRegions = (
				en,
				Base,
			);
			mainGroup = C68F3C2723719C5400D14CCF;
			productRefGroup = C68F3C3123719C5400D14CCF /* Products */;
			projectDirPath = "";
			projectRoot = "";
			targets = (
				C68F3C2F23719C5400D14CCF /* standardAlgorithms */,
				C68F3C3D2371A1F700D14CCF /* standardAlgorithmsTests */,
			);
		};
/* End PBXProject section */

/* Begin PBXResourcesBuildPhase section */
		C68F3C3C2371A1F700D14CCF /* Resources */ = {
			isa = PBXResourcesBuildPhase;
			buildActionMask = 2147483647;
			files = (
			);
			runOnlyForDeploymentPostprocessing = 0;
		};
/* End PBXResourcesBuildPhase section */

/* Begin PBXSourcesBuildPhase section */
		C68F3C2C23719C5400D14CCF /* Sources */ = {
			isa = PBXSourcesBuildPhase;
			buildActionMask = 2147483647;
			files = (
				0D7DF694237EAEC0003C9E6E /* Unknown.swift in Sources */,
				0D474584237B266A00C12EDC /* Searching.swift in Sources */,
				C68F3C492371A3C100D14CCF /* Sorting.swift in Sources */,
				C68F3C3423719C5400D14CCF /* main.swift in Sources */,
			);
			runOnlyForDeploymentPostprocessing = 0;
		};
		C68F3C3A2371A1F700D14CCF /* Sources */ = {
			isa = PBXSourcesBuildPhase;
			buildActionMask = 2147483647;
			files = (
				C68F3C4A2371A3D600D14CCF /* Sorting.swift in Sources */,
				C68F3C472371A2E600D14CCF /* sortingTest.swift in Sources */,
				0D7DF690237EAE4F003C9E6E /* UnknownTest.swift in Sources */,
				0D474589237B299200C12EDC /* Searching.swift in Sources */,
				0D7DF692237EAE78003C9E6E /* searchingTest.swift in Sources */,
				0D7DF695237EAEC0003C9E6E /* Unknown.swift in Sources */,
				C68F3C412371A1F700D14CCF /* standardAlgorithmsTests.swift in Sources */,
			);
			runOnlyForDeploymentPostprocessing = 0;
		};
/* End PBXSourcesBuildPhase section */

/* Begin XCBuildConfiguration section */
		C68F3C3523719C5400D14CCF /* Debug */ = {
			isa = XCBuildConfiguration;
			buildSettings = {
				ALWAYS_SEARCH_USER_PATHS = NO;
				CLANG_ANALYZER_NONNULL = YES;
				CLANG_ANALYZER_NUMBER_OBJECT_CONVERSION = YES_AGGRESSIVE;
				CLANG_CXX_LANGUAGE_STANDARD = "gnu++14";
				CLANG_CXX_LIBRARY = "libc++";
				CLANG_ENABLE_MODULES = YES;
				CLANG_ENABLE_OBJC_ARC = YES;
				CLANG_ENABLE_OBJC_WEAK = YES;
				CLANG_WARN_BLOCK_CAPTURE_AUTORELEASING = YES;
				CLANG_WARN_BOOL_CONVERSION = YES;
				CLANG_WARN_COMMA = YES;
				CLANG_WARN_CONSTANT_CONVERSION = YES;
				CLANG_WARN_DEPRECATED_OBJC_IMPLEMENTATIONS = YES;
				CLANG_WARN_DIRECT_OBJC_ISA_USAGE = YES_ERROR;
				CLANG_WARN_DOCUMENTATION_COMMENTS = YES;
				CLANG_WARN_EMPTY_BODY = YES;
				CLANG_WARN_ENUM_CONVERSION = YES;
				CLANG_WARN_INFINITE_RECURSION = YES;
				CLANG_WARN_INT_CONVERSION = YES;
				CLANG_WARN_NON_LITERAL_NULL_CONVERSION = YES;
				CLANG_WARN_OBJC_IMPLICIT_RETAIN_SELF = YES;
				CLANG_WARN_OBJC_LITERAL_CONVERSION = YES;
				CLANG_WARN_OBJC_ROOT_CLASS = YES_ERROR;
				CLANG_WARN_RANGE_LOOP_ANALYSIS = YES;
				CLANG_WARN_STRICT_PROTOTYPES = YES;
				CLANG_WARN_SUSPICIOUS_MOVE = YES;
				CLANG_WARN_UNGUARDED_AVAILABILITY = YES_AGGRESSIVE;
				CLANG_WARN_UNREACHABLE_CODE = YES;
				CLANG_WARN__DUPLICATE_METHOD_MATCH = YES;
				COPY_PHASE_STRIP = NO;
				DEBUG_INFORMATION_FORMAT = dwarf;
				ENABLE_STRICT_OBJC_MSGSEND = YES;
				ENABLE_TESTABILITY = YES;
				GCC_C_LANGUAGE_STANDARD = gnu11;
				GCC_DYNAMIC_NO_PIC = NO;
				GCC_NO_COMMON_BLOCKS = YES;
				GCC_OPTIMIZATION_LEVEL = 0;
				GCC_PREPROCESSOR_DEFINITIONS = (
					"DEBUG=1",
					"$(inherited)",
				);
				GCC_WARN_64_TO_32_BIT_CONVERSION = YES;
				GCC_WARN_ABOUT_RETURN_TYPE = YES_ERROR;
				GCC_WARN_UNDECLARED_SELECTOR = YES;
				GCC_WARN_UNINITIALIZED_AUTOS = YES_AGGRESSIVE;
				GCC_WARN_UNUSED_FUNCTION = YES;
				GCC_WARN_UNUSED_VARIABLE = YES;
				MACOSX_DEPLOYMENT_TARGET = 10.14;
				MTL_ENABLE_DEBUG_INFO = INCLUDE_SOURCE;
				MTL_FAST_MATH = YES;
				ONLY_ACTIVE_ARCH = YES;
				SDKROOT = macosx;
				SWIFT_ACTIVE_COMPILATION_CONDITIONS = DEBUG;
				SWIFT_OPTIMIZATION_LEVEL = "-Onone";
			};
			name = Debug;
		};
		C68F3C3623719C5400D14CCF /* Release */ = {
			isa = XCBuildConfiguration;
			buildSettings = {
				ALWAYS_SEARCH_USER_PATHS = NO;
				CLANG_ANALYZER_NONNULL = YES;
				CLANG_ANALYZER_NUMBER_OBJECT_CONVERSION = YES_AGGRESSIVE;
				CLANG_CXX_LANGUAGE_STANDARD = "gnu++14";
				CLANG_CXX_LIBRARY = "libc++";
				CLANG_ENABLE_MODULES = YES;
				CLANG_ENABLE_OBJC_ARC = YES;
				CLANG_ENABLE_OBJC_WEAK = YES;
				CLANG_WARN_BLOCK_CAPTURE_AUTORELEASING = YES;
				CLANG_WARN_BOOL_CONVERSION = YES;
				CLANG_WARN_COMMA = YES;
				CLANG_WARN_CONSTANT_CONVERSION = YES;
				CLANG_WARN_DEPRECATED_OBJC_IMPLEMENTATIONS = YES;
				CLANG_WARN_DIRECT_OBJC_ISA_USAGE = YES_ERROR;
				CLANG_WARN_DOCUMENTATION_COMMENTS = YES;
				CLANG_WARN_EMPTY_BODY = YES;
				CLANG_WARN_ENUM_CONVERSION = YES;
				CLANG_WARN_INFINITE_RECURSION = YES;
				CLANG_WARN_INT_CONVERSION = YES;
				CLANG_WARN_NON_LITERAL_NULL_CONVERSION = YES;
				CLANG_WARN_OBJC_IMPLICIT_RETAIN_SELF = YES;
				CLANG_WARN_OBJC_LITERAL_CONVERSION = YES;
				CLANG_WARN_OBJC_ROOT_CLASS = YES_ERROR;
				CLANG_WARN_RANGE_LOOP_ANALYSIS = YES;
				CLANG_WARN_STRICT_PROTOTYPES = YES;
				CLANG_WARN_SUSPICIOUS_MOVE = YES;
				CLANG_WARN_UNGUARDED_AVAILABILITY = YES_AGGRESSIVE;
				CLANG_WARN_UNREACHABLE_CODE = YES;
				CLANG_WARN__DUPLICATE_METHOD_MATCH = YES;
				COPY_PHASE_STRIP = NO;
				DEBUG_INFORMATION_FORMAT = "dwarf-with-dsym";
				ENABLE_NS_ASSERTIONS = NO;
				ENABLE_STRICT_OBJC_MSGSEND = YES;
				GCC_C_LANGUAGE_STANDARD = gnu11;
				GCC_NO_COMMON_BLOCKS = YES;
				GCC_WARN_64_TO_32_BIT_CONVERSION = YES;
				GCC_WARN_ABOUT_RETURN_TYPE = YES_ERROR;
				GCC_WARN_UNDECLARED_SELECTOR = YES;
				GCC_WARN_UNINITIALIZED_AUTOS = YES_AGGRESSIVE;
				GCC_WARN_UNUSED_FUNCTION = YES;
				GCC_WARN_UNUSED_VARIABLE = YES;
				MACOSX_DEPLOYMENT_TARGET = 10.14;
				MTL_ENABLE_DEBUG_INFO = NO;
				MTL_FAST_MATH = YES;
				SDKROOT = macosx;
				SWIFT_COMPILATION_MODE = wholemodule;
				SWIFT_OPTIMIZATION_LEVEL = "-O";
			};
			name = Release;
		};
		C68F3C3823719C5400D14CCF /* Debug */ = {
			isa = XCBuildConfiguration;
			buildSettings = {
				CODE_SIGN_STYLE = Automatic;
				PRODUCT_NAME = "$(TARGET_NAME)";
				SWIFT_VERSION = 5.0;
			};
			name = Debug;
		};
		C68F3C3923719C5400D14CCF /* Release */ = {
			isa = XCBuildConfiguration;
			buildSettings = {
				CODE_SIGN_STYLE = Automatic;
				PRODUCT_NAME = "$(TARGET_NAME)";
				SWIFT_VERSION = 5.0;
			};
			name = Release;
		};
		C68F3C442371A1F700D14CCF /* Debug */ = {
			isa = XCBuildConfiguration;
			buildSettings = {
				CLANG_ENABLE_MODULES = YES;
				CODE_SIGN_STYLE = Automatic;
				COMBINE_HIDPI_IMAGES = YES;
				INFOPLIST_FILE = standardAlgorithmsTests/Info.plist;
				LD_RUNPATH_SEARCH_PATHS = (
					"$(inherited)",
					"@executable_path/../Frameworks",
					"@loader_path/../Frameworks",
				);
				PRODUCT_BUNDLE_IDENTIFIER = com.jjandrew.standardAlgorithmsTests;
				PRODUCT_NAME = "$(TARGET_NAME)";
				SWIFT_OBJC_BRIDGING_HEADER = "standardAlgorithmsTests/standardAlgorithmsTests-Bridging-Header.h";
				SWIFT_OPTIMIZATION_LEVEL = "-Onone";
				SWIFT_VERSION = 5.0;
			};
			name = Debug;
		};
		C68F3C452371A1F700D14CCF /* Release */ = {
			isa = XCBuildConfiguration;
			buildSettings = {
				CLANG_ENABLE_MODULES = YES;
				CODE_SIGN_STYLE = Automatic;
				COMBINE_HIDPI_IMAGES = YES;
				INFOPLIST_FILE = standardAlgorithmsTests/Info.plist;
				LD_RUNPATH_SEARCH_PATHS = (
					"$(inherited)",
					"@executable_path/../Frameworks",
					"@loader_path/../Frameworks",
				);
				PRODUCT_BUNDLE_IDENTIFIER = com.jjandrew.standardAlgorithmsTests;
				PRODUCT_NAME = "$(TARGET_NAME)";
				SWIFT_OBJC_BRIDGING_HEADER = "standardAlgorithmsTests/standardAlgorithmsTests-Bridging-Header.h";
				SWIFT_VERSION = 5.0;
			};
			name = Release;
		};
/* End XCBuildConfiguration section */

/* Begin XCConfigurationList section */
		C68F3C2B23719C5400D14CCF /* Build configuration list for PBXProject "standardAlgorithms" */ = {
			isa = XCConfigurationList;
			buildConfigurations = (
				C68F3C3523719C5400D14CCF /* Debug */,
				C68F3C3623719C5400D14CCF /* Release */,
			);
			defaultConfigurationIsVisible = 0;
			defaultConfigurationName = Release;
		};
		C68F3C3723719C5400D14CCF /* Build configuration list for PBXNativeTarget "standardAlgorithms" */ = {
			isa = XCConfigurationList;
			buildConfigurations = (
				C68F3C3823719C5400D14CCF /* Debug */,
				C68F3C3923719C5400D14CCF /* Release */,
			);
			defaultConfigurationIsVisible = 0;
			defaultConfigurationName = Release;
		};
		C68F3C432371A1F700D14CCF /* Build configuration list for PBXNativeTarget "standardAlgorithmsTests" */ = {
			isa = XCConfigurationList;
			buildConfigurations = (
				C68F3C442371A1F700D14CCF /* Debug */,
				C68F3C452371A1F700D14CCF /* Release */,
			);
			defaultConfigurationIsVisible = 0;
			defaultConfigurationName = Release;
		};
/* End XCConfigurationList section */
	};
	rootObject = C68F3C2823719C5400D14CCF /* Project object */;
}
